
Microsoft Visual Studio Solution File, Format Version 12.00
# Visual Studio Version 17
VisualStudioVersion = 17.7.34221.43
MinimumVisualStudioVersion = 10.0.40219.1
Project("{9A19103F-16F7-4668-BE54-9A1E7A4F7556}") = "Database", "Database\Database.csproj", "{26BC8295-053E-46CA-918B-FF25C919931D}"
EndProject
Project("{9A19103F-16F7-4668-BE54-9A1E7A4F7556}") = "VpnBotApi", "VpnBotApi\VpnBotApi.csproj", "{7CE887A3-3272-4D26-BFF1-BD58417C6BE6}"
EndProject
Project("{2150E333-8FDC-42A3-9474-1A3956D46DE8}") = "Элементы решения", "Элементы решения", "{9C133D02-4B60-4771-8BAB-826B47C02D97}"
	ProjectSection(SolutionItems) = preProject
		Dockerfile = Dockerfile
		Jenkinsfile = Jenkinsfile
	EndProjectSection
EndProject
Project("{FAE04EC0-301F-11D3-BF4B-00C04F79EFBC}") = "Domain", "Domain\Domain.csproj", "{AF71D393-8585-44DD-B641-7F68F965A44C}"
EndProject
Global
	GlobalSection(SolutionConfigurationPlatforms) = preSolution
		Debug|Any CPU = Debug|Any CPU
		Release|Any CPU = Release|Any CPU
	EndGlobalSection
	GlobalSection(ProjectConfigurationPlatforms) = postSolution
		{26BC8295-053E-46CA-918B-FF25C919931D}.Debug|Any CPU.ActiveCfg = Debug|Any CPU
		{26BC8295-053E-46CA-918B-FF25C919931D}.Debug|Any CPU.Build.0 = Debug|Any CPU
		{26BC8295-053E-46CA-918B-FF25C919931D}.Release|Any CPU.ActiveCfg = Release|Any CPU
		{26BC8295-053E-46CA-918B-FF25C919931D}.Release|Any CPU.Build.0 = Release|Any CPU
		{7CE887A3-3272-4D26-BFF1-BD58417C6BE6}.Debug|Any CPU.ActiveCfg = Debug|Any CPU
		{7CE887A3-3272-4D26-BFF1-BD58417C6BE6}.Debug|Any CPU.Build.0 = Debug|Any CPU
		{7CE887A3-3272-4D26-BFF1-BD58417C6BE6}.Release|Any CPU.ActiveCfg = Release|Any CPU
		{7CE887A3-3272-4D26-BFF1-BD58417C6BE6}.Release|Any CPU.Build.0 = Release|Any CPU
		{AF71D393-8585-44DD-B641-7F68F965A44C}.Debug|Any CPU.ActiveCfg = Debug|Any CPU
		{AF71D393-8585-44DD-B641-7F68F965A44C}.Debug|Any CPU.Build.0 = Debug|Any CPU
		{AF71D393-8585-44DD-B641-7F68F965A44C}.Release|Any CPU.ActiveCfg = Release|Any CPU
		{AF71D393-8585-44DD-B641-7F68F965A44C}.Release|Any CPU.Build.0 = Release|Any CPU
	EndGlobalSection
	GlobalSection(SolutionProperties) = preSolution
		HideSolutionNode = FALSE
	EndGlobalSection
	GlobalSection(ExtensibilityGlobals) = postSolution
		SolutionGuid = {B15C4EE3-BFC5-41D1-BD9A-2EA82747ED3F}
	EndGlobalSection
EndGlobal
